
Microsoft Visual Studio Solution File, Format Version 12.00
# Visual Studio Version 16
VisualStudioVersion = 16.0.30413.136
MinimumVisualStudioVersion = 10.0.40219.1
Project("{9A19103F-16F7-4668-BE54-9A1E7A4F7556}") = "ObOpg4", "ObOpg4\ObOpg4.csproj", "{83BA6966-942E-4903-8314-F9E0F7A56846}"
EndProject
Global
	GlobalSection(SolutionConfigurationPlatforms) = preSolution
		Debug|Any CPU = Debug|Any CPU
		Release|Any CPU = Release|Any CPU
	EndGlobalSection
	GlobalSection(ProjectConfigurationPlatforms) = postSolution
		{83BA6966-942E-4903-8314-F9E0F7A56846}.Debug|Any CPU.ActiveCfg = Debug|Any CPU
		{83BA6966-942E-4903-8314-F9E0F7A56846}.Debug|Any CPU.Build.0 = Debug|Any CPU
		{83BA6966-942E-4903-8314-F9E0F7A56846}.Release|Any CPU.ActiveCfg = Release|Any CPU
		{83BA6966-942E-4903-8314-F9E0F7A56846}.Release|Any CPU.Build.0 = Release|Any CPU
	EndGlobalSection
	GlobalSection(SolutionProperties) = preSolution
		HideSolutionNode = FALSE
	EndGlobalSection
	GlobalSection(ExtensibilityGlobals) = postSolution
		SolutionGuid = {44503128-0BEF-409E-994D-D275A75BEF36}
	EndGlobalSection
EndGlobal
